// !$*UTF8*$!
{
	archiveVersion = 1;
	classes = {
	};
	objectVersion = 56;
	objects = {

/* Begin PBXBuildFile section */
		4C2080492BDFBBF9000A312B /* AboutView.swift in Sources */ = {isa = PBXBuildFile; fileRef = 4C2080482BDFBBF9000A312B /* AboutView.swift */; };
		4C3745742BD4F45900544C34 /* Localizable.xcstrings in Resources */ = {isa = PBXBuildFile; fileRef = 4C3745732BD4F45900544C34 /* Localizable.xcstrings */; };
		4C41EE352BC5001900D283BF /* ExtensionValues.swift in Sources */ = {isa = PBXBuildFile; fileRef = 4C41EE2C2BC5001900D283BF /* ExtensionValues.swift */; };
		4C41EE362BC5001900D283BF /* AutoClicker.swift in Sources */ = {isa = PBXBuildFile; fileRef = 4C41EE2E2BC5001900D283BF /* AutoClicker.swift */; };
		4C41EE372BC5001900D283BF /* Settings.swift in Sources */ = {isa = PBXBuildFile; fileRef = 4C41EE302BC5001900D283BF /* Settings.swift */; };
		4C41EE392BC5001900D283BF /* MenuManager.swift in Sources */ = {isa = PBXBuildFile; fileRef = 4C41EE332BC5001900D283BF /* MenuManager.swift */; };
		4CAA23692BC2B0F8002D91AE /* KeyboardShortcuts in Frameworks */ = {isa = PBXBuildFile; productRef = 4CAA23682BC2B0F8002D91AE /* KeyboardShortcuts */; };
		4CAA236B2BC2BCC5002D91AE /* AppDelegate.swift in Sources */ = {isa = PBXBuildFile; fileRef = 4CAA236A2BC2BCC5002D91AE /* AppDelegate.swift */; };
		4CAECF6F2BDF5B14009571C1 /* Alert.mp3 in Resources */ = {isa = PBXBuildFile; fileRef = 4C7EB7062BDE73B6003D2696 /* Alert.mp3 */; };
		4CDF8E2B2BBBB201009DAE04 /* clakrApp.swift in Sources */ = {isa = PBXBuildFile; fileRef = 4CDF8E2A2BBBB201009DAE04 /* clakrApp.swift */; };
		4CDF8E2D2BBBB201009DAE04 /* ContentView.swift in Sources */ = {isa = PBXBuildFile; fileRef = 4CDF8E2C2BBBB201009DAE04 /* ContentView.swift */; };
		4CDF8E2F2BBBB203009DAE04 /* Assets.xcassets in Resources */ = {isa = PBXBuildFile; fileRef = 4CDF8E2E2BBBB203009DAE04 /* Assets.xcassets */; };
		4CDF8E322BBBB203009DAE04 /* Preview Assets.xcassets in Resources */ = {isa = PBXBuildFile; fileRef = 4CDF8E312BBBB203009DAE04 /* Preview Assets.xcassets */; };
/* End PBXBuildFile section */

/* Begin PBXFileReference section */
		4C2080482BDFBBF9000A312B /* AboutView.swift */ = {isa = PBXFileReference; fileEncoding = 4; lastKnownFileType = sourcecode.swift; path = AboutView.swift; sourceTree = "<group>"; };
		4C3745732BD4F45900544C34 /* Localizable.xcstrings */ = {isa = PBXFileReference; lastKnownFileType = text.json.xcstrings; path = Localizable.xcstrings; sourceTree = "<group>"; };
		4C41EE2C2BC5001900D283BF /* ExtensionValues.swift */ = {isa = PBXFileReference; fileEncoding = 4; lastKnownFileType = sourcecode.swift; path = ExtensionValues.swift; sourceTree = "<group>"; };
		4C41EE2E2BC5001900D283BF /* AutoClicker.swift */ = {isa = PBXFileReference; fileEncoding = 4; lastKnownFileType = sourcecode.swift; path = AutoClicker.swift; sourceTree = "<group>"; };
		4C41EE302BC5001900D283BF /* Settings.swift */ = {isa = PBXFileReference; fileEncoding = 4; lastKnownFileType = sourcecode.swift; path = Settings.swift; sourceTree = "<group>"; };
		4C41EE332BC5001900D283BF /* MenuManager.swift */ = {isa = PBXFileReference; fileEncoding = 4; lastKnownFileType = sourcecode.swift; path = MenuManager.swift; sourceTree = "<group>"; };
		4C64B5762BCFD3DF00E76AF3 /* Info.plist */ = {isa = PBXFileReference; lastKnownFileType = text.plist; path = Info.plist; sourceTree = "<group>"; };
		4C7EB7062BDE73B6003D2696 /* Alert.mp3 */ = {isa = PBXFileReference; lastKnownFileType = audio.mp3; path = Alert.mp3; sourceTree = "<group>"; };
		4CAA236A2BC2BCC5002D91AE /* AppDelegate.swift */ = {isa = PBXFileReference; lastKnownFileType = sourcecode.swift; path = AppDelegate.swift; sourceTree = "<group>"; };
		4CDF8E272BBBB201009DAE04 /* clakr.app */ = {isa = PBXFileReference; explicitFileType = wrapper.application; includeInIndex = 0; path = clakr.app; sourceTree = BUILT_PRODUCTS_DIR; };
		4CDF8E2A2BBBB201009DAE04 /* clakrApp.swift */ = {isa = PBXFileReference; lastKnownFileType = sourcecode.swift; path = clakrApp.swift; sourceTree = "<group>"; };
		4CDF8E2C2BBBB201009DAE04 /* ContentView.swift */ = {isa = PBXFileReference; lastKnownFileType = sourcecode.swift; path = ContentView.swift; sourceTree = "<group>"; };
		4CDF8E2E2BBBB203009DAE04 /* Assets.xcassets */ = {isa = PBXFileReference; lastKnownFileType = folder.assetcatalog; path = Assets.xcassets; sourceTree = "<group>"; };
		4CDF8E312BBBB203009DAE04 /* Preview Assets.xcassets */ = {isa = PBXFileReference; lastKnownFileType = folder.assetcatalog; path = "Preview Assets.xcassets"; sourceTree = "<group>"; };
		4CDF8E332BBBB203009DAE04 /* clakr.entitlements */ = {isa = PBXFileReference; lastKnownFileType = text.plist.entitlements; path = clakr.entitlements; sourceTree = "<group>"; };
/* End PBXFileReference section */

/* Begin PBXFrameworksBuildPhase section */
		4CDF8E242BBBB201009DAE04 /* Frameworks */ = {
			isa = PBXFrameworksBuildPhase;
			buildActionMask = 2147483647;
			files = (
				4CAA23692BC2B0F8002D91AE /* KeyboardShortcuts in Frameworks */,
			);
			runOnlyForDeploymentPostprocessing = 0;
		};
/* End PBXFrameworksBuildPhase section */

/* Begin PBXGroup section */
		4C41EE2D2BC5001900D283BF /* Extensions */ = {
			isa = PBXGroup;
			children = (
				4C41EE2C2BC5001900D283BF /* ExtensionValues.swift */,
			);
			path = Extensions;
			sourceTree = "<group>";
		};
		4C41EE2F2BC5001900D283BF /* Main */ = {
			isa = PBXGroup;
			children = (
				4C41EE2E2BC5001900D283BF /* AutoClicker.swift */,
			);
			path = Main;
			sourceTree = "<group>";
		};
		4C41EE312BC5001900D283BF /* Settings */ = {
			isa = PBXGroup;
			children = (
				4C41EE302BC5001900D283BF /* Settings.swift */,
			);
			path = Settings;
			sourceTree = "<group>";
		};
		4C41EE342BC5001900D283BF /* Menu bar */ = {
			isa = PBXGroup;
			children = (
				4C41EE332BC5001900D283BF /* MenuManager.swift */,
				4C2080482BDFBBF9000A312B /* AboutView.swift */,
			);
			path = "Menu bar";
			sourceTree = "<group>";
		};
		4C7EB7072BDE73B6003D2696 /* Sounds */ = {
			isa = PBXGroup;
			children = (
				4C7EB7062BDE73B6003D2696 /* Alert.mp3 */,
			);
			path = Sounds;
			sourceTree = "<group>";
		};
		4C7EB7082BDE73B6003D2696 /* Resources */ = {
			isa = PBXGroup;
			children = (
				4C7EB7072BDE73B6003D2696 /* Sounds */,
			);
			path = Resources;
			sourceTree = "<group>";
		};
		4CDF8E1E2BBBB201009DAE04 = {
			isa = PBXGroup;
			children = (
				4CDF8E292BBBB201009DAE04 /* clakr */,
				4CDF8E282BBBB201009DAE04 /* Products */,
			);
			sourceTree = "<group>";
		};
		4CDF8E282BBBB201009DAE04 /* Products */ = {
			isa = PBXGroup;
			children = (
				4CDF8E272BBBB201009DAE04 /* clakr.app */,
			);
			name = Products;
			sourceTree = "<group>";
		};
		4CDF8E292BBBB201009DAE04 /* clakr */ = {
			isa = PBXGroup;
			children = (
				4C41EE2D2BC5001900D283BF /* Extensions */,
				4C41EE2F2BC5001900D283BF /* Main */,
				4C41EE342BC5001900D283BF /* Menu bar */,
				4C41EE312BC5001900D283BF /* Settings */,
				4C64B5762BCFD3DF00E76AF3 /* Info.plist */,
				4C3745732BD4F45900544C34 /* Localizable.xcstrings */,
				4CAA236A2BC2BCC5002D91AE /* AppDelegate.swift */,
				4CDF8E2A2BBBB201009DAE04 /* clakrApp.swift */,
				4CDF8E2C2BBBB201009DAE04 /* ContentView.swift */,
				4CDF8E2E2BBBB203009DAE04 /* Assets.xcassets */,
				4C7EB7082BDE73B6003D2696 /* Resources */,
				4CDF8E332BBBB203009DAE04 /* clakr.entitlements */,
				4CDF8E302BBBB203009DAE04 /* Preview Content */,
			);
			path = clakr;
			sourceTree = "<group>";
		};
		4CDF8E302BBBB203009DAE04 /* Preview Content */ = {
			isa = PBXGroup;
			children = (
				4CDF8E312BBBB203009DAE04 /* Preview Assets.xcassets */,
			);
			path = "Preview Content";
			sourceTree = "<group>";
		};
/* End PBXGroup section */

/* Begin PBXNativeTarget section */
		4CDF8E262BBBB201009DAE04 /* clakr */ = {
			isa = PBXNativeTarget;
			buildConfigurationList = 4CDF8E362BBBB203009DAE04 /* Build configuration list for PBXNativeTarget "clakr" */;
			buildPhases = (
				4C7804D62CC5F911007C99E9 /* Run SwiftFormat */,
				4CDF8E232BBBB201009DAE04 /* Sources */,
				4CDF8E242BBBB201009DAE04 /* Frameworks */,
				4CDF8E252BBBB201009DAE04 /* Resources */,
			);
			buildRules = (
			);
			dependencies = (
			);
			name = clakr;
			packageProductDependencies = (
				4CAA23682BC2B0F8002D91AE /* KeyboardShortcuts */,
			);
			productName = clakr;
			productReference = 4CDF8E272BBBB201009DAE04 /* clakr.app */;
			productType = "com.apple.product-type.application";
		};
/* End PBXNativeTarget section */

/* Begin PBXProject section */
		4CDF8E1F2BBBB201009DAE04 /* Project object */ = {
			isa = PBXProject;
			attributes = {
				BuildIndependentTargetsInParallel = 1;
				LastSwiftUpdateCheck = 1530;
				LastUpgradeCheck = 1530;
				TargetAttributes = {
					4CDF8E262BBBB201009DAE04 = {
						CreatedOnToolsVersion = 15.3;
					};
				};
			};
			buildConfigurationList = 4CDF8E222BBBB201009DAE04 /* Build configuration list for PBXProject "clakr" */;
			compatibilityVersion = "Xcode 14.0";
			developmentRegion = en;
			hasScannedForEncodings = 0;
			knownRegions = (
				en,
				Base,
				ko,
				ja,
				ru,
				"en-AU",
			);
			mainGroup = 4CDF8E1E2BBBB201009DAE04;
			packageReferences = (
				4CAA23672BC2B0F8002D91AE /* XCRemoteSwiftPackageReference "KeyboardShortcuts" */,
			);
			productRefGroup = 4CDF8E282BBBB201009DAE04 /* Products */;
			projectDirPath = "";
			projectRoot = "";
			targets = (
				4CDF8E262BBBB201009DAE04 /* clakr */,
			);
		};
/* End PBXProject section */

/* Begin PBXResourcesBuildPhase section */
		4CDF8E252BBBB201009DAE04 /* Resources */ = {
			isa = PBXResourcesBuildPhase;
			buildActionMask = 2147483647;
			files = (
				4CAECF6F2BDF5B14009571C1 /* Alert.mp3 in Resources */,
				4CDF8E322BBBB203009DAE04 /* Preview Assets.xcassets in Resources */,
				4C3745742BD4F45900544C34 /* Localizable.xcstrings in Resources */,
				4CDF8E2F2BBBB203009DAE04 /* Assets.xcassets in Resources */,
			);
			runOnlyForDeploymentPostprocessing = 0;
		};
/* End PBXResourcesBuildPhase section */

/* Begin PBXShellScriptBuildPhase section */
		4C7804D62CC5F911007C99E9 /* Run SwiftFormat */ = {
			isa = PBXShellScriptBuildPhase;
			alwaysOutOfDate = 1;
			buildActionMask = 2147483647;
			files = (
			);
			inputFileListPaths = (
			);
			inputPaths = (
			);
			name = "Run SwiftFormat";
			outputFileListPaths = (
			);
			outputPaths = (
			);
			runOnlyForDeploymentPostprocessing = 0;
			shellPath = /bin/sh;
			shellScript = "# Default Homebrew installation path on Intel-based Macs\nHOMEBREW_INTEL_PATH=\"/usr/local/bin/swiftformat\"\n\n# Default Homebrew installation path on Apple Silicon Macs\nHOMEBREW_ARM_PATH=\"/opt/homebrew/bin/swiftformat\"\n\n# Determine the architecture of the machine (arm64 or x86_64)\nARCH=$(uname -m)\n\n# Set the Homebrew path based on the architecture\nif [ \"$ARCH\" = \"arm64\" ]; then\n    SWIFTFORMAT_PATH=\"$HOMEBREW_ARM_PATH\"\nelse\n    SWIFTFORMAT_PATH=\"$HOMEBREW_INTEL_PATH\"\nfi\n\n# Check if SwiftFormat is installed via Homebrew\nif [ -x \"$SWIFTFORMAT_PATH\" ]; then\n    \"$SWIFTFORMAT_PATH\" .\nelse\n    echo \"warning: SwiftFormat not installed via Homebrew or not found in expected paths\"\nfi\n";
		};
/* End PBXShellScriptBuildPhase section */

/* Begin PBXSourcesBuildPhase section */
		4CDF8E232BBBB201009DAE04 /* Sources */ = {
			isa = PBXSourcesBuildPhase;
			buildActionMask = 2147483647;
			files = (
				4C2080492BDFBBF9000A312B /* AboutView.swift in Sources */,
				4C41EE372BC5001900D283BF /* Settings.swift in Sources */,
				4C41EE362BC5001900D283BF /* AutoClicker.swift in Sources */,
				4CDF8E2D2BBBB201009DAE04 /* ContentView.swift in Sources */,
				4C41EE392BC5001900D283BF /* MenuManager.swift in Sources */,
				4C41EE352BC5001900D283BF /* ExtensionValues.swift in Sources */,
				4CAA236B2BC2BCC5002D91AE /* AppDelegate.swift in Sources */,
				4CDF8E2B2BBBB201009DAE04 /* clakrApp.swift in Sources */,
			);
			runOnlyForDeploymentPostprocessing = 0;
		};
/* End PBXSourcesBuildPhase section */

/* Begin XCBuildConfiguration section */
		4CDF8E342BBBB203009DAE04 /* Debug */ = {
			isa = XCBuildConfiguration;
			buildSettings = {
				ALWAYS_SEARCH_USER_PATHS = NO;
				ASSETCATALOG_COMPILER_GENERATE_SWIFT_ASSET_SYMBOL_EXTENSIONS = YES;
				CLANG_ANALYZER_NONNULL = YES;
				CLANG_ANALYZER_NUMBER_OBJECT_CONVERSION = YES_AGGRESSIVE;
				CLANG_CXX_LANGUAGE_STANDARD = "gnu++20";
				CLANG_ENABLE_MODULES = YES;
				CLANG_ENABLE_OBJC_ARC = YES;
				CLANG_ENABLE_OBJC_WEAK = YES;
				CLANG_WARN_BLOCK_CAPTURE_AUTORELEASING = YES;
				CLANG_WARN_BOOL_CONVERSION = YES;
				CLANG_WARN_COMMA = YES;
				CLANG_WARN_CONSTANT_CONVERSION = YES;
				CLANG_WARN_DEPRECATED_OBJC_IMPLEMENTATIONS = YES;
				CLANG_WARN_DIRECT_OBJC_ISA_USAGE = YES_ERROR;
				CLANG_WARN_DOCUMENTATION_COMMENTS = YES;
				CLANG_WARN_EMPTY_BODY = YES;
				CLANG_WARN_ENUM_CONVERSION = YES;
				CLANG_WARN_INFINITE_RECURSION = YES;
				CLANG_WARN_INT_CONVERSION = YES;
				CLANG_WARN_NON_LITERAL_NULL_CONVERSION = YES;
				CLANG_WARN_OBJC_IMPLICIT_RETAIN_SELF = YES;
				CLANG_WARN_OBJC_LITERAL_CONVERSION = YES;
				CLANG_WARN_OBJC_ROOT_CLASS = YES_ERROR;
				CLANG_WARN_QUOTED_INCLUDE_IN_FRAMEWORK_HEADER = YES;
				CLANG_WARN_RANGE_LOOP_ANALYSIS = YES;
				CLANG_WARN_STRICT_PROTOTYPES = YES;
				CLANG_WARN_SUSPICIOUS_MOVE = YES;
				CLANG_WARN_UNGUARDED_AVAILABILITY = YES_AGGRESSIVE;
				CLANG_WARN_UNREACHABLE_CODE = YES;
				CLANG_WARN__DUPLICATE_METHOD_MATCH = YES;
				CODE_SIGN_IDENTITY = "-";
				COPY_PHASE_STRIP = NO;
				DEAD_CODE_STRIPPING = YES;
				DEBUG_INFORMATION_FORMAT = dwarf;
				ENABLE_HARDENED_RUNTIME = YES;
				ENABLE_STRICT_OBJC_MSGSEND = YES;
				ENABLE_TESTABILITY = YES;
				ENABLE_USER_SCRIPT_SANDBOXING = NO;
				GCC_C_LANGUAGE_STANDARD = gnu17;
				GCC_DYNAMIC_NO_PIC = NO;
				GCC_NO_COMMON_BLOCKS = YES;
				GCC_OPTIMIZATION_LEVEL = 0;
				GCC_PREPROCESSOR_DEFINITIONS = (
					"DEBUG=1",
					"$(inherited)",
				);
				GCC_WARN_64_TO_32_BIT_CONVERSION = YES;
				GCC_WARN_ABOUT_RETURN_TYPE = YES_ERROR;
				GCC_WARN_UNDECLARED_SELECTOR = YES;
				GCC_WARN_UNINITIALIZED_AUTOS = YES_AGGRESSIVE;
				GCC_WARN_UNUSED_FUNCTION = YES;
				GCC_WARN_UNUSED_VARIABLE = YES;
				LOCALIZATION_PREFERS_STRING_CATALOGS = YES;
				MACOSX_DEPLOYMENT_TARGET = 12.0;
				MTL_ENABLE_DEBUG_INFO = INCLUDE_SOURCE;
				MTL_FAST_MATH = YES;
				ONLY_ACTIVE_ARCH = YES;
				SDKROOT = macosx;
				SWIFT_ACTIVE_COMPILATION_CONDITIONS = "DEBUG $(inherited)";
				SWIFT_OPTIMIZATION_LEVEL = "-Onone";
			};
			name = Debug;
		};
		4CDF8E352BBBB203009DAE04 /* Release */ = {
			isa = XCBuildConfiguration;
			buildSettings = {
				ALWAYS_SEARCH_USER_PATHS = NO;
				ASSETCATALOG_COMPILER_GENERATE_SWIFT_ASSET_SYMBOL_EXTENSIONS = YES;
				CLANG_ANALYZER_NONNULL = YES;
				CLANG_ANALYZER_NUMBER_OBJECT_CONVERSION = YES_AGGRESSIVE;
				CLANG_CXX_LANGUAGE_STANDARD = "gnu++20";
				CLANG_ENABLE_MODULES = YES;
				CLANG_ENABLE_OBJC_ARC = YES;
				CLANG_ENABLE_OBJC_WEAK = YES;
				CLANG_WARN_BLOCK_CAPTURE_AUTORELEASING = YES;
				CLANG_WARN_BOOL_CONVERSION = YES;
				CLANG_WARN_COMMA = YES;
				CLANG_WARN_CONSTANT_CONVERSION = YES;
				CLANG_WARN_DEPRECATED_OBJC_IMPLEMENTATIONS = YES;
				CLANG_WARN_DIRECT_OBJC_ISA_USAGE = YES_ERROR;
				CLANG_WARN_DOCUMENTATION_COMMENTS = YES;
				CLANG_WARN_EMPTY_BODY = YES;
				CLANG_WARN_ENUM_CONVERSION = YES;
				CLANG_WARN_INFINITE_RECURSION = YES;
				CLANG_WARN_INT_CONVERSION = YES;
				CLANG_WARN_NON_LITERAL_NULL_CONVERSION = YES;
				CLANG_WARN_OBJC_IMPLICIT_RETAIN_SELF = YES;
				CLANG_WARN_OBJC_LITERAL_CONVERSION = YES;
				CLANG_WARN_OBJC_ROOT_CLASS = YES_ERROR;
				CLANG_WARN_QUOTED_INCLUDE_IN_FRAMEWORK_HEADER = YES;
				CLANG_WARN_RANGE_LOOP_ANALYSIS = YES;
				CLANG_WARN_STRICT_PROTOTYPES = YES;
				CLANG_WARN_SUSPICIOUS_MOVE = YES;
				CLANG_WARN_UNGUARDED_AVAILABILITY = YES_AGGRESSIVE;
				CLANG_WARN_UNREACHABLE_CODE = YES;
				CLANG_WARN__DUPLICATE_METHOD_MATCH = YES;
				CODE_SIGN_IDENTITY = "-";
				COPY_PHASE_STRIP = NO;
				DEAD_CODE_STRIPPING = YES;
				DEBUG_INFORMATION_FORMAT = "dwarf-with-dsym";
				ENABLE_HARDENED_RUNTIME = YES;
				ENABLE_NS_ASSERTIONS = NO;
				ENABLE_STRICT_OBJC_MSGSEND = YES;
				ENABLE_USER_SCRIPT_SANDBOXING = NO;
				GCC_C_LANGUAGE_STANDARD = gnu17;
				GCC_NO_COMMON_BLOCKS = YES;
				GCC_WARN_64_TO_32_BIT_CONVERSION = YES;
				GCC_WARN_ABOUT_RETURN_TYPE = YES_ERROR;
				GCC_WARN_UNDECLARED_SELECTOR = YES;
				GCC_WARN_UNINITIALIZED_AUTOS = YES_AGGRESSIVE;
				GCC_WARN_UNUSED_FUNCTION = YES;
				GCC_WARN_UNUSED_VARIABLE = YES;
				LOCALIZATION_PREFERS_STRING_CATALOGS = YES;
				MACOSX_DEPLOYMENT_TARGET = 12.0;
				MTL_ENABLE_DEBUG_INFO = NO;
				MTL_FAST_MATH = YES;
				SDKROOT = macosx;
				SWIFT_COMPILATION_MODE = wholemodule;
				SWIFT_OPTIMIZATION_LEVEL = "-Osize";
			};
			name = Release;
		};
		4CDF8E372BBBB203009DAE04 /* Debug */ = {
			isa = XCBuildConfiguration;
			buildSettings = {
				ASSETCATALOG_COMPILER_APPICON_NAME = AppIcon;
				ASSETCATALOG_COMPILER_GLOBAL_ACCENT_COLOR_NAME = AccentColor;
				CODE_SIGN_ENTITLEMENTS = clakr/clakr.entitlements;
				"CODE_SIGN_IDENTITY[sdk=macosx*]" = "Apple Development";
				CODE_SIGN_STYLE = Automatic;
				COMBINE_HIDPI_IMAGES = YES;
				CURRENT_PROJECT_VERSION = 562;
				DEBUG_INFORMATION_FORMAT = dwarf;
				DEVELOPMENT_ASSET_PATHS = "\"clakr/Preview Content\"";
				DEVELOPMENT_TEAM = DC484S2P7A;
				ENABLE_HARDENED_RUNTIME = YES;
				ENABLE_PREVIEWS = YES;
				GENERATE_INFOPLIST_FILE = YES;
				INFOPLIST_FILE = clakr/Info.plist;
				INFOPLIST_KEY_LSApplicationCategoryType = "public.app-category.developer-tools";
				INFOPLIST_KEY_NSHumanReadableCopyright = "";
				LD_RUNPATH_SEARCH_PATHS = (
					"$(inherited)",
					"@executable_path/../Frameworks",
				);
				MACOSX_DEPLOYMENT_TARGET = 12.0;
				MARKETING_VERSION = 1.3;
				PRODUCT_BUNDLE_IDENTIFIER = kami.dev.clakr;
				PRODUCT_NAME = "$(TARGET_NAME)";
				SWIFT_EMIT_LOC_STRINGS = YES;
				SWIFT_VERSION = 5.0;
			};
			name = Debug;
		};
		4CDF8E382BBBB203009DAE04 /* Release */ = {
			isa = XCBuildConfiguration;
			buildSettings = {
				ASSETCATALOG_COMPILER_APPICON_NAME = AppIcon;
				ASSETCATALOG_COMPILER_GLOBAL_ACCENT_COLOR_NAME = AccentColor;
				CODE_SIGN_ENTITLEMENTS = clakr/clakr.entitlements;
				"CODE_SIGN_IDENTITY[sdk=macosx*]" = "Apple Development";
				CODE_SIGN_STYLE = Automatic;
				COMBINE_HIDPI_IMAGES = YES;
				CURRENT_PROJECT_VERSION = 562;
				DEVELOPMENT_ASSET_PATHS = "\"clakr/Preview Content\"";
				DEVELOPMENT_TEAM = DC484S2P7A;
				ENABLE_HARDENED_RUNTIME = YES;
				ENABLE_PREVIEWS = YES;
				GENERATE_INFOPLIST_FILE = YES;
				INFOPLIST_FILE = clakr/Info.plist;
				INFOPLIST_KEY_LSApplicationCategoryType = "public.app-category.developer-tools";
				INFOPLIST_KEY_NSHumanReadableCopyright = "";
				LD_RUNPATH_SEARCH_PATHS = (
					"$(inherited)",
					"@executable_path/../Frameworks",
				);
				MACOSX_DEPLOYMENT_TARGET = 12.0;
				MARKETING_VERSION = 1.3;
				PRODUCT_BUNDLE_IDENTIFIER = kami.dev.clakr;
				PRODUCT_NAME = "$(TARGET_NAME)";
				SWIFT_EMIT_LOC_STRINGS = YES;
				SWIFT_VERSION = 5.0;
			};
			name = Release;
		};
/* End XCBuildConfiguration section */

/* Begin XCConfigurationList section */
		4CDF8E222BBBB201009DAE04 /* Build configuration list for PBXProject "clakr" */ = {
			isa = XCConfigurationList;
			buildConfigurations = (
				4CDF8E342BBBB203009DAE04 /* Debug */,
				4CDF8E352BBBB203009DAE04 /* Release */,
			);
			defaultConfigurationIsVisible = 0;
			defaultConfigurationName = Release;
		};
		4CDF8E362BBBB203009DAE04 /* Build configuration list for PBXNativeTarget "clakr" */ = {
			isa = XCConfigurationList;
			buildConfigurations = (
				4CDF8E372BBBB203009DAE04 /* Debug */,
				4CDF8E382BBBB203009DAE04 /* Release */,
			);
			defaultConfigurationIsVisible = 0;
			defaultConfigurationName = Release;
		};
/* End XCConfigurationList section */

/* Begin XCRemoteSwiftPackageReference section */
		4CAA23672BC2B0F8002D91AE /* XCRemoteSwiftPackageReference "KeyboardShortcuts" */ = {
			isa = XCRemoteSwiftPackageReference;
			repositoryURL = "https://github.com/sindresorhus/KeyboardShortcuts";
			requirement = {
				kind = upToNextMajorVersion;
				minimumVersion = 2.0.0;
			};
		};
/* End XCRemoteSwiftPackageReference section */

/* Begin XCSwiftPackageProductDependency section */
		4CAA23682BC2B0F8002D91AE /* KeyboardShortcuts */ = {
			isa = XCSwiftPackageProductDependency;
			package = 4CAA23672BC2B0F8002D91AE /* XCRemoteSwiftPackageReference "KeyboardShortcuts" */;
			productName = KeyboardShortcuts;
		};
/* End XCSwiftPackageProductDependency section */
	};
	rootObject = 4CDF8E1F2BBBB201009DAE04 /* Project object */;
}
